{
    "_readme": [
        "This file locks the dependencies of your project to a known state",
        "Read more about it at https://getcomposer.org/doc/01-basic-usage.md#installing-dependencies",
        "This file is @generated automatically"
    ],
    "content-hash": "c5d04c427d88a5881d4e2d0eed5b417d",
    "packages": [
        {
            "name": "attitude/php",
            "version": "dev-main",
            "source": {
                "type": "git",
                "url": "https://github.com/attitude/php.git",
                "reference": "362027fb3f0c9697b8897b93cb51a3ac6d85d71a"
            },
            "dist": {
                "type": "zip",
                "url": "https://api.github.com/repos/attitude/php/zipball/362027fb3f0c9697b8897b93cb51a3ac6d85d71a",
                "reference": "362027fb3f0c9697b8897b93cb51a3ac6d85d71a",
                "shasum": ""
            },
            "require-dev": {
                "attitude/index-php": "dev-main"
            },
            "type": "library",
            "autoload": {
                "files": [
                    "src/index.php"
                ]
            },
            "license": [
                "MIT"
            ],
            "authors": [
                {
                    "name": "Martin Adamko",
                    "email": "martinadamko.sk@gmail.com"
                }
            ],
            "description": "Collection of missing methods in PHP",
            "support": {
                "source": "https://github.com/attitude/php/tree/main",
                "issues": "https://github.com/attitude/php/issues"
            },
            "time": "2020-10-08T21:21:25+00:00"
        }
    ],
    "packages-dev": [],
    "aliases": [],
    "minimum-stability": "stable",
    "stability-flags": {
        "attitude/php": 20
    },
    "prefer-stable": false,
    "prefer-lowest": false,
    "platform": [],
    "platform-dev": [],
    "plugin-api-version": "1.1.0"
}
